
Microsoft Visual Studio Solution File, Format Version 12.00
# Visual Studio Version 17
VisualStudioVersion = 17.10.35027.167
MinimumVisualStudioVersion = 10.0.40219.1
Project("{9A19103F-16F7-4668-BE54-9A1E7A4F7556}") = "GCR.Commons", "GCR.Commons\GCR.Commons.csproj", "{204EF070-B4FE-4358-9D1E-3D7014346A1D}"
EndProject
Project("{9A19103F-16F7-4668-BE54-9A1E7A4F7556}") = "GCR.UIControl", "GCR.UIControl\GCR.UIControl.csproj", "{4AFB5D27-45D1-48A7-8E9B-B4D6DB4AEB3C}"
EndProject
Project("{9A19103F-16F7-4668-BE54-9A1E7A4F7556}") = "GCR.BLL", "GCR.BLL\GCR.BLL.csproj", "{C7C65E2E-3F9B-411B-AC49-4E14DA6BF946}"
EndProject
Project("{9A19103F-16F7-4668-BE54-9A1E7A4F7556}") = "GCR.Model", "GCR.Model\GCR.Model.csproj", "{0AD4CB1C-3444-4FB9-B643-D454623115D5}"
EndProject
Project("{9A19103F-16F7-4668-BE54-9A1E7A4F7556}") = "GCR.Web", "GCR.Web\GCR.Web.csproj", "{53FAC5A2-88C0-42BB-9D54-727B1CA92A12}"
EndProject
Global
	GlobalSection(SolutionConfigurationPlatforms) = preSolution
		Debug|Any CPU = Debug|Any CPU
		Release|Any CPU = Release|Any CPU
	EndGlobalSection
	GlobalSection(ProjectConfigurationPlatforms) = postSolution
		{204EF070-B4FE-4358-9D1E-3D7014346A1D}.Debug|Any CPU.ActiveCfg = Debug|Any CPU
		{204EF070-B4FE-4358-9D1E-3D7014346A1D}.Debug|Any CPU.Build.0 = Debug|Any CPU
		{204EF070-B4FE-4358-9D1E-3D7014346A1D}.Release|Any CPU.ActiveCfg = Release|Any CPU
		{204EF070-B4FE-4358-9D1E-3D7014346A1D}.Release|Any CPU.Build.0 = Release|Any CPU
		{4AFB5D27-45D1-48A7-8E9B-B4D6DB4AEB3C}.Debug|Any CPU.ActiveCfg = Debug|Any CPU
		{4AFB5D27-45D1-48A7-8E9B-B4D6DB4AEB3C}.Debug|Any CPU.Build.0 = Debug|Any CPU
		{4AFB5D27-45D1-48A7-8E9B-B4D6DB4AEB3C}.Release|Any CPU.ActiveCfg = Release|Any CPU
		{4AFB5D27-45D1-48A7-8E9B-B4D6DB4AEB3C}.Release|Any CPU.Build.0 = Release|Any CPU
		{C7C65E2E-3F9B-411B-AC49-4E14DA6BF946}.Debug|Any CPU.ActiveCfg = Debug|Any CPU
		{C7C65E2E-3F9B-411B-AC49-4E14DA6BF946}.Debug|Any CPU.Build.0 = Debug|Any CPU
		{C7C65E2E-3F9B-411B-AC49-4E14DA6BF946}.Release|Any CPU.ActiveCfg = Release|Any CPU
		{C7C65E2E-3F9B-411B-AC49-4E14DA6BF946}.Release|Any CPU.Build.0 = Release|Any CPU
		{0AD4CB1C-3444-4FB9-B643-D454623115D5}.Debug|Any CPU.ActiveCfg = Debug|Any CPU
		{0AD4CB1C-3444-4FB9-B643-D454623115D5}.Debug|Any CPU.Build.0 = Debug|Any CPU
		{0AD4CB1C-3444-4FB9-B643-D454623115D5}.Release|Any CPU.ActiveCfg = Release|Any CPU
		{0AD4CB1C-3444-4FB9-B643-D454623115D5}.Release|Any CPU.Build.0 = Release|Any CPU
		{53FAC5A2-88C0-42BB-9D54-727B1CA92A12}.Debug|Any CPU.ActiveCfg = Debug|Any CPU
		{53FAC5A2-88C0-42BB-9D54-727B1CA92A12}.Debug|Any CPU.Build.0 = Debug|Any CPU
		{53FAC5A2-88C0-42BB-9D54-727B1CA92A12}.Release|Any CPU.ActiveCfg = Release|Any CPU
		{53FAC5A2-88C0-42BB-9D54-727B1CA92A12}.Release|Any CPU.Build.0 = Release|Any CPU
	EndGlobalSection
	GlobalSection(SolutionProperties) = preSolution
		HideSolutionNode = FALSE
	EndGlobalSection
	GlobalSection(ExtensibilityGlobals) = postSolution
		SolutionGuid = {0FB96636-1CDA-4B07-BC19-67A4FB2FED73}
	EndGlobalSection
EndGlobal
